
Microsoft Visual Studio Solution File, Format Version 12.00
# Visual Studio Version 17
VisualStudioVersion = 17.11.35219.272
MinimumVisualStudioVersion = 10.0.40219.1
Project("{FAE04EC0-301F-11D3-BF4B-00C04F79EFBC}") = "DevCard_MVC", "DevCard_MVC\DevCard_MVC.csproj", "{7B584586-B47A-452B-BEDC-BC5F276A5BCE}"
EndProject
Global
	GlobalSection(SolutionConfigurationPlatforms) = preSolution
		Debug|Any CPU = Debug|Any CPU
		Release|Any CPU = Release|Any CPU
	EndGlobalSection
	GlobalSection(ProjectConfigurationPlatforms) = postSolution
		{7B584586-B47A-452B-BEDC-BC5F276A5BCE}.Debug|Any CPU.ActiveCfg = Debug|Any CPU
		{7B584586-B47A-452B-BEDC-BC5F276A5BCE}.Debug|Any CPU.Build.0 = Debug|Any CPU
		{7B584586-B47A-452B-BEDC-BC5F276A5BCE}.Release|Any CPU.ActiveCfg = Release|Any CPU
		{7B584586-B47A-452B-BEDC-BC5F276A5BCE}.Release|Any CPU.Build.0 = Release|Any CPU
	EndGlobalSection
	GlobalSection(SolutionProperties) = preSolution
		HideSolutionNode = FALSE
	EndGlobalSection
	GlobalSection(ExtensibilityGlobals) = postSolution
		SolutionGuid = {FD92DAEE-CD08-47B8-9C31-40216D298F5D}
	EndGlobalSection
EndGlobal
